// !$*UTF8*$!
{
	archiveVersion = 1;
	classes = {
	};
	objectVersion = 46;
	objects = {

/* Begin PBXBuildFile section */
		AA307D4B1EF3EA1A006FF7DF /* AppDelegate.swift in Sources */ = {isa = PBXBuildFile; fileRef = AA307D4A1EF3EA1A006FF7DF /* AppDelegate.swift */; };
		AA307D4D1EF3EA1A006FF7DF /* ViewController.swift in Sources */ = {isa = PBXBuildFile; fileRef = AA307D4C1EF3EA1A006FF7DF /* ViewController.swift */; };
		AA307D501EF3EA1A006FF7DF /* Main.storyboard in Resources */ = {isa = PBXBuildFile; fileRef = AA307D4E1EF3EA1A006FF7DF /* Main.storyboard */; };
		AA307D521EF3EA1A006FF7DF /* Assets.xcassets in Resources */ = {isa = PBXBuildFile; fileRef = AA307D511EF3EA1A006FF7DF /* Assets.xcassets */; };
		AA307D551EF3EA1A006FF7DF /* LaunchScreen.storyboard in Resources */ = {isa = PBXBuildFile; fileRef = AA307D531EF3EA1A006FF7DF /* LaunchScreen.storyboard */; };
		AA307D5D1EF3F2AF006FF7DF /* VPLogo.png in Resources */ = {isa = PBXBuildFile; fileRef = AA307D5C1EF3F2AF006FF7DF /* VPLogo.png */; };
		AA307D5F1EF3FDF9006FF7DF /* GameNamesTable.swift in Sources */ = {isa = PBXBuildFile; fileRef = AA307D5E1EF3FDF9006FF7DF /* GameNamesTable.swift */; };
		AA307D611EF40ECF006FF7DF /* paytableData.swift in Sources */ = {isa = PBXBuildFile; fileRef = AA307D601EF40ECF006FF7DF /* paytableData.swift */; };
		AA307D641EF42B0D006FF7DF /* GenericPayTables.swift in Sources */ = {isa = PBXBuildFile; fileRef = AA307D631EF42B0D006FF7DF /* GenericPayTables.swift */; };
		AA307D691EF4360D006FF7DF /* GameFamilyTable.swift in Sources */ = {isa = PBXBuildFile; fileRef = AA307D681EF4360D006FF7DF /* GameFamilyTable.swift */; };
		AA307D6E1EF7D7C9006FF7DF /* PayTableTable.swift in Sources */ = {isa = PBXBuildFile; fileRef = AA307D6D1EF7D7C9006FF7DF /* PayTableTable.swift */; };
		AA307D711EF7DDAB006FF7DF /* SHGamePayTables.swift in Sources */ = {isa = PBXBuildFile; fileRef = AA307D701EF7DDAB006FF7DF /* SHGamePayTables.swift */; };
		AA307D731EF7E3D1006FF7DF /* PayTableScreen.swift in Sources */ = {isa = PBXBuildFile; fileRef = AA307D721EF7E3D1006FF7DF /* PayTableScreen.swift */; };
		AA307D751EF7F56B006FF7DF /* PayTableCell.swift in Sources */ = {isa = PBXBuildFile; fileRef = AA307D741EF7F56B006FF7DF /* PayTableCell.swift */; };
		AA307D771EF7FC85006FF7DF /* BG.png in Resources */ = {isa = PBXBuildFile; fileRef = AA307D761EF7FC85006FF7DF /* BG.png */; };
		AA307D791EF8165C006FF7DF /* Button.png in Resources */ = {isa = PBXBuildFile; fileRef = AA307D781EF8165C006FF7DF /* Button.png */; };
		AA6DD9AD1F9E3EFB00C74851 /* Double Down Stud.png in Resources */ = {isa = PBXBuildFile; fileRef = AA6DD9AC1F9E3EFB00C74851 /* Double Down Stud.png */; };
		AA6DD9AF1F9E3F0500C74851 /* Fifty Play Draw Poker.png in Resources */ = {isa = PBXBuildFile; fileRef = AA6DD9AE1F9E3F0500C74851 /* Fifty Play Draw Poker.png */; };
		AA6DD9B11F9E3F1900C74851 /* Dream Card.png in Resources */ = {isa = PBXBuildFile; fileRef = AA6DD9B01F9E3F1900C74851 /* Dream Card.png */; };
		AA6DD9B31F9E3F5000C74851 /* SHDouble Down Stud.png in Resources */ = {isa = PBXBuildFile; fileRef = AA6DD9B21F9E3F5000C74851 /* SHDouble Down Stud.png */; };
		AA6DD9B51F9E3FA200C74851 /* Fifty Play with Quick Quads.png in Resources */ = {isa = PBXBuildFile; fileRef = AA6DD9B41F9E3FA100C74851 /* Fifty Play with Quick Quads.png */; };
		AA6DD9B91F9E400000C74851 /* Five Aces.png in Resources */ = {isa = PBXBuildFile; fileRef = AA6DD9B81F9E3FFF00C74851 /* Five Aces.png */; };
		AA6DD9BB1F9E403D00C74851 /* Hundred Play with Quick Quads.png in Resources */ = {isa = PBXBuildFile; fileRef = AA6DD9BA1F9E403D00C74851 /* Hundred Play with Quick Quads.png */; };
		AA6DD9BD1F9E406300C74851 /* Hundred Play with Super Times Pay.png in Resources */ = {isa = PBXBuildFile; fileRef = AA6DD9BC1F9E406300C74851 /* Hundred Play with Super Times Pay.png */; };
		AA6DD9BF1F9E408F00C74851 /* Hundred Play Draw Poker.png in Resources */ = {isa = PBXBuildFile; fileRef = AA6DD9BE1F9E408F00C74851 /* Hundred Play Draw Poker.png */; };
		AA6DD9C11F9E40D300C74851 /* Spin with Dream Card.png in Resources */ = {isa = PBXBuildFile; fileRef = AA6DD9C01F9E40D300C74851 /* Spin with Dream Card.png */; };
		AA6DD9C91F9E418C00C74851 /* Wheel Poker with Quick Quads.png in Resources */ = {isa = PBXBuildFile; fileRef = AA6DD9C81F9E418C00C74851 /* Wheel Poker with Quick Quads.png */; };
		AA6DD9CB1F9E41A100C74851 /* Wheel Poker Deluxe.png in Resources */ = {isa = PBXBuildFile; fileRef = AA6DD9CA1F9E41A000C74851 /* Wheel Poker Deluxe.png */; };
		AA6DD9CD1F9E41F800C74851 /* Triple Spin Poker.png in Resources */ = {isa = PBXBuildFile; fileRef = AA6DD9CC1F9E41F800C74851 /* Triple Spin Poker.png */; };
		AA6DD9CF1F9E429800C74851 /* Fifty Play with Super Times Pay.png in Resources */ = {isa = PBXBuildFile; fileRef = AA6DD9CE1F9E429800C74851 /* Fifty Play with Super Times Pay.png */; };
		AA6DD9D11F9E438A00C74851 /* Double Pay.png in Resources */ = {isa = PBXBuildFile; fileRef = AA6DD9D01F9E438900C74851 /* Double Pay.png */; };
		AA6DD9D31F9E49FD00C74851 /* Ace Invaders.png in Resources */ = {isa = PBXBuildFile; fileRef = AA6DD9D21F9E49FD00C74851 /* Ace Invaders.png */; };
		AA6DD9D51F9E4A1D00C74851 /* Big Split.png in Resources */ = {isa = PBXBuildFile; fileRef = AA6DD9D41F9E4A1D00C74851 /* Big Split.png */; };
		AA6DD9DB1F9E4A8F00C74851 /* Multi-Strike with Super Times Pay.png in Resources */ = {isa = PBXBuildFile; fileRef = AA6DD9DA1F9E4A8F00C74851 /* Multi-Strike with Super Times Pay.png */; };
		AA6DD9DD1F9E4AB500C74851 /* Random Rewards.png in Resources */ = {isa = PBXBuildFile; fileRef = AA6DD9DC1F9E4AB400C74851 /* Random Rewards.png */; };
		AA6DD9E11F9E4B0A00C74851 /* SHRandom Rewards.png in Resources */ = {isa = PBXBuildFile; fileRef = AA6DD9E01F9E4B0A00C74851 /* SHRandom Rewards.png */; };
		AA6DD9E31F9E4B2F00C74851 /* Big Times Draw Poker.png in Resources */ = {isa = PBXBuildFile; fileRef = AA6DD9E21F9E4B2E00C74851 /* Big Times Draw Poker.png */; };
		AA6DD9E71F9E4BCF00C74851 /* Double Pay Spin.png in Resources */ = {isa = PBXBuildFile; fileRef = AA6DD9E61F9E4BCF00C74851 /* Double Pay Spin.png */; };
		AAC160121EFD65B300B81DA1 /* Ultimate X.png in Resources */ = {isa = PBXBuildFile; fileRef = AAC160111EFD65B300B81DA1 /* Ultimate X.png */; };
		AAC160141EFD736300B81DA1 /* MHGamePayTables.swift in Sources */ = {isa = PBXBuildFile; fileRef = AAC160131EFD736300B81DA1 /* MHGamePayTables.swift */; };
		AAE143ED1F0696240043AFF2 /* Super Times Pay.png in Resources */ = {isa = PBXBuildFile; fileRef = AAE143EC1F0696240043AFF2 /* Super Times Pay.png */; };
		AAE143EF1F0696670043AFF2 /* Powerhouse.png in Resources */ = {isa = PBXBuildFile; fileRef = AAE143EE1F0696670043AFF2 /* Powerhouse.png */; };
		AAE143F11F06969B0043AFF2 /* Good Times Pay.png in Resources */ = {isa = PBXBuildFile; fileRef = AAE143F01F06969B0043AFF2 /* Good Times Pay.png */; };
		AAE143F31F0696EA0043AFF2 /* Hot Roll.png in Resources */ = {isa = PBXBuildFile; fileRef = AAE143F21F0696EA0043AFF2 /* Hot Roll.png */; };
		AAE143F51F0697420043AFF2 /* Ultimate X Poker Bonus Streak.png in Resources */ = {isa = PBXBuildFile; fileRef = AAE143F41F0697420043AFF2 /* Ultimate X Poker Bonus Streak.png */; };
		AAE143F71F0697650043AFF2 /* Wheel Poker.png in Resources */ = {isa = PBXBuildFile; fileRef = AAE143F61F0697650043AFF2 /* Wheel Poker.png */; };
		AAE143F91F0697960043AFF2 /* Super Triple Play.png in Resources */ = {isa = PBXBuildFile; fileRef = AAE143F81F0697960043AFF2 /* Super Triple Play.png */; };
		AAE143FB1F0697DE0043AFF2 /* Spin Poker.png in Resources */ = {isa = PBXBuildFile; fileRef = AAE143FA1F0697DE0043AFF2 /* Spin Poker.png */; };
		AAE143FD1F0698080043AFF2 /* Spin Poker Deluxe.png in Resources */ = {isa = PBXBuildFile; fileRef = AAE143FC1F0698080043AFF2 /* Spin Poker Deluxe.png */; };
		AAE143FF1F06988C0043AFF2 /* Super Triple Play Jackpots.png in Resources */ = {isa = PBXBuildFile; fileRef = AAE143FE1F06988C0043AFF2 /* Super Triple Play Jackpots.png */; };
		AAE144011F06ACAC0043AFF2 /* Super Times Pay Spin Poker.png in Resources */ = {isa = PBXBuildFile; fileRef = AAE144001F06ACAC0043AFF2 /* Super Times Pay Spin Poker.png */; };
		AAE144031F06AE220043AFF2 /* Multi-Strike.png in Resources */ = {isa = PBXBuildFile; fileRef = AAE144021F06AE220043AFF2 /* Multi-Strike.png */; };
		AAE144051F06AF5E0043AFF2 /* Five Play Draw Poker.png in Resources */ = {isa = PBXBuildFile; fileRef = AAE144041F06AF5E0043AFF2 /* Five Play Draw Poker.png */; };
		AAE144071F06AF640043AFF2 /* Ten Play Draw Poker.png in Resources */ = {isa = PBXBuildFile; fileRef = AAE144061F06AF640043AFF2 /* Ten Play Draw Poker.png */; };
		AAE144091F06AF6A0043AFF2 /* Triple Play Draw Poker.png in Resources */ = {isa = PBXBuildFile; fileRef = AAE144081F06AF6A0043AFF2 /* Triple Play Draw Poker.png */; };
		AAEB62011F03C2EF000A8E5E /* Double Super Times Pay.png in Resources */ = {isa = PBXBuildFile; fileRef = AAEB62001F03C2EF000A8E5E /* Double Super Times Pay.png */; };
		AAEB62031F03D207000A8E5E /* Quick Quads.png in Resources */ = {isa = PBXBuildFile; fileRef = AAEB62021F03D207000A8E5E /* Quick Quads.png */; };
		AAEB62071F03DDF4000A8E5E /* SHDream Card.png in Resources */ = {isa = PBXBuildFile; fileRef = AAEB62061F03DDF4000A8E5E /* SHDream Card.png */; };
		AAEB62091F03DEC6000A8E5E /* SHDouble Super Times Pay.png in Resources */ = {isa = PBXBuildFile; fileRef = AAEB62081F03DEC6000A8E5E /* SHDouble Super Times Pay.png */; };
		AAEB620B1F03DEFD000A8E5E /* SHUltimate X.png in Resources */ = {isa = PBXBuildFile; fileRef = AAEB620A1F03DEFD000A8E5E /* SHUltimate X.png */; };
		AAEB620D1F03DFFC000A8E5E /* SHQuick Quads.png in Resources */ = {isa = PBXBuildFile; fileRef = AAEB620C1F03DFFC000A8E5E /* SHQuick Quads.png */; };
		AAEB62131F03E362000A8E5E /* SHSuper Times Pay.png in Resources */ = {isa = PBXBuildFile; fileRef = AAEB62121F03E362000A8E5E /* SHSuper Times Pay.png */; };
		AAEB62151F03E386000A8E5E /* SHClassic Game King.png in Resources */ = {isa = PBXBuildFile; fileRef = AAEB62141F03E386000A8E5E /* SHClassic Game King.png */; };
		AAEB62171F03EC77000A8E5E /* SHGood Times Pay.png in Resources */ = {isa = PBXBuildFile; fileRef = AAEB62161F03EC77000A8E5E /* SHGood Times Pay.png */; };
		AAEB62191F03EE64000A8E5E /* SHDouble Pay.png in Resources */ = {isa = PBXBuildFile; fileRef = AAEB62181F03EE64000A8E5E /* SHDouble Pay.png */; };
		AAEB621B1F03F526000A8E5E /* SHUltimate Four of a Kind.png in Resources */ = {isa = PBXBuildFile; fileRef = AAEB621A1F03F526000A8E5E /* SHUltimate Four of a Kind.png */; };
/* End PBXBuildFile section */

/* Begin PBXFileReference section */
		AA307D471EF3EA1A006FF7DF /* Video Poker Pay Tables.app */ = {isa = PBXFileReference; explicitFileType = wrapper.application; includeInIndex = 0; path = "Video Poker Pay Tables.app"; sourceTree = BUILT_PRODUCTS_DIR; };
		AA307D4A1EF3EA1A006FF7DF /* AppDelegate.swift */ = {isa = PBXFileReference; lastKnownFileType = sourcecode.swift; path = AppDelegate.swift; sourceTree = "<group>"; };
		AA307D4C1EF3EA1A006FF7DF /* ViewController.swift */ = {isa = PBXFileReference; lastKnownFileType = sourcecode.swift; path = ViewController.swift; sourceTree = "<group>"; };
		AA307D4F1EF3EA1A006FF7DF /* Base */ = {isa = PBXFileReference; lastKnownFileType = file.storyboard; name = Base; path = Base.lproj/Main.storyboard; sourceTree = "<group>"; };
		AA307D511EF3EA1A006FF7DF /* Assets.xcassets */ = {isa = PBXFileReference; lastKnownFileType = folder.assetcatalog; path = Assets.xcassets; sourceTree = "<group>"; };
		AA307D541EF3EA1A006FF7DF /* Base */ = {isa = PBXFileReference; lastKnownFileType = file.storyboard; name = Base; path = Base.lproj/LaunchScreen.storyboard; sourceTree = "<group>"; };
		AA307D561EF3EA1A006FF7DF /* Info.plist */ = {isa = PBXFileReference; lastKnownFileType = text.plist.xml; path = Info.plist; sourceTree = "<group>"; };
		AA307D5C1EF3F2AF006FF7DF /* VPLogo.png */ = {isa = PBXFileReference; lastKnownFileType = image.png; name = VPLogo.png; path = "Video Poker Pay Tables/Images/VPLogo.png"; sourceTree = "<group>"; };
		AA307D5E1EF3FDF9006FF7DF /* GameNamesTable.swift */ = {isa = PBXFileReference; fileEncoding = 4; lastKnownFileType = sourcecode.swift; path = GameNamesTable.swift; sourceTree = "<group>"; };
		AA307D601EF40ECF006FF7DF /* paytableData.swift */ = {isa = PBXFileReference; fileEncoding = 4; lastKnownFileType = sourcecode.swift; path = paytableData.swift; sourceTree = "<group>"; };
		AA307D631EF42B0D006FF7DF /* GenericPayTables.swift */ = {isa = PBXFileReference; fileEncoding = 4; lastKnownFileType = sourcecode.swift; path = GenericPayTables.swift; sourceTree = "<group>"; };
		AA307D681EF4360D006FF7DF /* GameFamilyTable.swift */ = {isa = PBXFileReference; fileEncoding = 4; lastKnownFileType = sourcecode.swift; path = GameFamilyTable.swift; sourceTree = "<group>"; };
		AA307D6D1EF7D7C9006FF7DF /* PayTableTable.swift */ = {isa = PBXFileReference; fileEncoding = 4; lastKnownFileType = sourcecode.swift; path = PayTableTable.swift; sourceTree = "<group>"; };
		AA307D701EF7DDAB006FF7DF /* SHGamePayTables.swift */ = {isa = PBXFileReference; fileEncoding = 4; lastKnownFileType = sourcecode.swift; path = SHGamePayTables.swift; sourceTree = "<group>"; };
		AA307D721EF7E3D1006FF7DF /* PayTableScreen.swift */ = {isa = PBXFileReference; fileEncoding = 4; lastKnownFileType = sourcecode.swift; path = PayTableScreen.swift; sourceTree = "<group>"; };
		AA307D741EF7F56B006FF7DF /* PayTableCell.swift */ = {isa = PBXFileReference; fileEncoding = 4; lastKnownFileType = sourcecode.swift; path = PayTableCell.swift; sourceTree = "<group>"; };
		AA307D761EF7FC85006FF7DF /* BG.png */ = {isa = PBXFileReference; lastKnownFileType = image.png; name = BG.png; path = "Video Poker Pay Tables/Images/BG.png"; sourceTree = "<group>"; };
		AA307D781EF8165C006FF7DF /* Button.png */ = {isa = PBXFileReference; lastKnownFileType = image.png; name = Button.png; path = "Video Poker Pay Tables/Images/Button.png"; sourceTree = "<group>"; };
		AA6DD9AC1F9E3EFB00C74851 /* Double Down Stud.png */ = {isa = PBXFileReference; lastKnownFileType = image.png; name = "Double Down Stud.png"; path = "Video Poker Pay Tables/Images/glassIcons/Double Down Stud.png"; sourceTree = "<group>"; };
		AA6DD9AE1F9E3F0500C74851 /* Fifty Play Draw Poker.png */ = {isa = PBXFileReference; lastKnownFileType = image.png; name = "Fifty Play Draw Poker.png"; path = "Video Poker Pay Tables/Images/glassIcons/Fifty Play Draw Poker.png"; sourceTree = "<group>"; };
		AA6DD9B01F9E3F1900C74851 /* Dream Card.png */ = {isa = PBXFileReference; lastKnownFileType = image.png; name = "Dream Card.png"; path = "Video Poker Pay Tables/Images/glassIcons/Dream Card.png"; sourceTree = "<group>"; };
		AA6DD9B21F9E3F5000C74851 /* SHDouble Down Stud.png */ = {isa = PBXFileReference; lastKnownFileType = image.png; name = "SHDouble Down Stud.png"; path = "Video Poker Pay Tables/Images/glassIcons/SHDouble Down Stud.png"; sourceTree = "<group>"; };
		AA6DD9B41F9E3FA100C74851 /* Fifty Play with Quick Quads.png */ = {isa = PBXFileReference; lastKnownFileType = image.png; name = "Fifty Play with Quick Quads.png"; path = "Video Poker Pay Tables/Images/glassIcons/Fifty Play with Quick Quads.png"; sourceTree = "<group>"; };
		AA6DD9B81F9E3FFF00C74851 /* Five Aces.png */ = {isa = PBXFileReference; lastKnownFileType = image.png; name = "Five Aces.png"; path = "Video Poker Pay Tables/Images/glassIcons/Five Aces.png"; sourceTree = "<group>"; };
		AA6DD9BA1F9E403D00C74851 /* Hundred Play with Quick Quads.png */ = {isa = PBXFileReference; lastKnownFileType = image.png; name = "Hundred Play with Quick Quads.png"; path = "Video Poker Pay Tables/Images/glassIcons/Hundred Play with Quick Quads.png"; sourceTree = "<group>"; };
		AA6DD9BC1F9E406300C74851 /* Hundred Play with Super Times Pay.png */ = {isa = PBXFileReference; lastKnownFileType = image.png; name = "Hundred Play with Super Times Pay.png"; path = "Video Poker Pay Tables/Images/glassIcons/Hundred Play with Super Times Pay.png"; sourceTree = "<group>"; };
		AA6DD9BE1F9E408F00C74851 /* Hundred Play Draw Poker.png */ = {isa = PBXFileReference; lastKnownFileType = image.png; name = "Hundred Play Draw Poker.png"; path = "Video Poker Pay Tables/Images/glassIcons/Hundred Play Draw Poker.png"; sourceTree = "<group>"; };
		AA6DD9C01F9E40D300C74851 /* Spin with Dream Card.png */ = {isa = PBXFileReference; lastKnownFileType = image.png; name = "Spin with Dream Card.png"; path = "Video Poker Pay Tables/Images/glassIcons/Spin with Dream Card.png"; sourceTree = "<group>"; };
		AA6DD9C81F9E418C00C74851 /* Wheel Poker with Quick Quads.png */ = {isa = PBXFileReference; lastKnownFileType = image.png; name = "Wheel Poker with Quick Quads.png"; path = "Video Poker Pay Tables/Images/glassIcons/Wheel Poker with Quick Quads.png"; sourceTree = "<group>"; };
		AA6DD9CA1F9E41A000C74851 /* Wheel Poker Deluxe.png */ = {isa = PBXFileReference; lastKnownFileType = image.png; name = "Wheel Poker Deluxe.png"; path = "Video Poker Pay Tables/Images/glassIcons/Wheel Poker Deluxe.png"; sourceTree = "<group>"; };
		AA6DD9CC1F9E41F800C74851 /* Triple Spin Poker.png */ = {isa = PBXFileReference; lastKnownFileType = image.png; name = "Triple Spin Poker.png"; path = "Video Poker Pay Tables/Images/glassIcons/Triple Spin Poker.png"; sourceTree = "<group>"; };
		AA6DD9CE1F9E429800C74851 /* Fifty Play with Super Times Pay.png */ = {isa = PBXFileReference; lastKnownFileType = image.png; name = "Fifty Play with Super Times Pay.png"; path = "Video Poker Pay Tables/Images/glassIcons/Fifty Play with Super Times Pay.png"; sourceTree = "<group>"; };
		AA6DD9D01F9E438900C74851 /* Double Pay.png */ = {isa = PBXFileReference; lastKnownFileType = image.png; name = "Double Pay.png"; path = "Video Poker Pay Tables/Images/glassIcons/Double Pay.png"; sourceTree = "<group>"; };
		AA6DD9D21F9E49FD00C74851 /* Ace Invaders.png */ = {isa = PBXFileReference; lastKnownFileType = image.png; name = "Ace Invaders.png"; path = "Video Poker Pay Tables/Images/glassIcons/Ace Invaders.png"; sourceTree = "<group>"; };
		AA6DD9D41F9E4A1D00C74851 /* Big Split.png */ = {isa = PBXFileReference; lastKnownFileType = image.png; name = "Big Split.png"; path = "Video Poker Pay Tables/Images/glassIcons/Big Split.png"; sourceTree = "<group>"; };
		AA6DD9DA1F9E4A8F00C74851 /* Multi-Strike with Super Times Pay.png */ = {isa = PBXFileReference; lastKnownFileType = image.png; name = "Multi-Strike with Super Times Pay.png"; path = "Video Poker Pay Tables/Images/glassIcons/Multi-Strike with Super Times Pay.png"; sourceTree = "<group>"; };
		AA6DD9DC1F9E4AB400C74851 /* Random Rewards.png */ = {isa = PBXFileReference; lastKnownFileType = image.png; name = "Random Rewards.png"; path = "Video Poker Pay Tables/Images/glassIcons/Random Rewards.png"; sourceTree = "<group>"; };
		AA6DD9E01F9E4B0A00C74851 /* SHRandom Rewards.png */ = {isa = PBXFileReference; lastKnownFileType = image.png; name = "SHRandom Rewards.png"; path = "Video Poker Pay Tables/Images/glassIcons/SHRandom Rewards.png"; sourceTree = "<group>"; };
		AA6DD9E21F9E4B2E00C74851 /* Big Times Draw Poker.png */ = {isa = PBXFileReference; lastKnownFileType = image.png; name = "Big Times Draw Poker.png"; path = "Video Poker Pay Tables/Images/glassIcons/Big Times Draw Poker.png"; sourceTree = "<group>"; };
		AA6DD9E61F9E4BCF00C74851 /* Double Pay Spin.png */ = {isa = PBXFileReference; lastKnownFileType = image.png; name = "Double Pay Spin.png"; path = "Video Poker Pay Tables/Images/glassIcons/Double Pay Spin.png"; sourceTree = "<group>"; };
		AAC160111EFD65B300B81DA1 /* Ultimate X.png */ = {isa = PBXFileReference; lastKnownFileType = image.png; name = "Ultimate X.png"; path = "Video Poker Pay Tables/Images/glassIcons/Ultimate X.png"; sourceTree = "<group>"; };
		AAC160131EFD736300B81DA1 /* MHGamePayTables.swift */ = {isa = PBXFileReference; fileEncoding = 4; lastKnownFileType = sourcecode.swift; path = MHGamePayTables.swift; sourceTree = "<group>"; };
		AAE143EC1F0696240043AFF2 /* Super Times Pay.png */ = {isa = PBXFileReference; lastKnownFileType = image.png; name = "Super Times Pay.png"; path = "Video Poker Pay Tables/Images/glassIcons/Super Times Pay.png"; sourceTree = "<group>"; };
		AAE143EE1F0696670043AFF2 /* Powerhouse.png */ = {isa = PBXFileReference; lastKnownFileType = image.png; name = Powerhouse.png; path = "Video Poker Pay Tables/Images/glassIcons/Powerhouse.png"; sourceTree = "<group>"; };
		AAE143F01F06969B0043AFF2 /* Good Times Pay.png */ = {isa = PBXFileReference; lastKnownFileType = image.png; name = "Good Times Pay.png"; path = "Video Poker Pay Tables/Images/glassIcons/Good Times Pay.png"; sourceTree = "<group>"; };
		AAE143F21F0696EA0043AFF2 /* Hot Roll.png */ = {isa = PBXFileReference; lastKnownFileType = image.png; name = "Hot Roll.png"; path = "Video Poker Pay Tables/Images/glassIcons/Hot Roll.png"; sourceTree = "<group>"; };
		AAE143F41F0697420043AFF2 /* Ultimate X Poker Bonus Streak.png */ = {isa = PBXFileReference; lastKnownFileType = image.png; name = "Ultimate X Poker Bonus Streak.png"; path = "Video Poker Pay Tables/Images/glassIcons/Ultimate X Poker Bonus Streak.png"; sourceTree = "<group>"; };
		AAE143F61F0697650043AFF2 /* Wheel Poker.png */ = {isa = PBXFileReference; lastKnownFileType = image.png; name = "Wheel Poker.png"; path = "Video Poker Pay Tables/Images/glassIcons/Wheel Poker.png"; sourceTree = "<group>"; };
		AAE143F81F0697960043AFF2 /* Super Triple Play.png */ = {isa = PBXFileReference; lastKnownFileType = image.png; name = "Super Triple Play.png"; path = "Video Poker Pay Tables/Images/glassIcons/Super Triple Play.png"; sourceTree = "<group>"; };
		AAE143FA1F0697DE0043AFF2 /* Spin Poker.png */ = {isa = PBXFileReference; lastKnownFileType = image.png; name = "Spin Poker.png"; path = "Video Poker Pay Tables/Images/glassIcons/Spin Poker.png"; sourceTree = "<group>"; };
		AAE143FC1F0698080043AFF2 /* Spin Poker Deluxe.png */ = {isa = PBXFileReference; lastKnownFileType = image.png; name = "Spin Poker Deluxe.png"; path = "Video Poker Pay Tables/Images/glassIcons/Spin Poker Deluxe.png"; sourceTree = "<group>"; };
		AAE143FE1F06988C0043AFF2 /* Super Triple Play Jackpots.png */ = {isa = PBXFileReference; lastKnownFileType = image.png; name = "Super Triple Play Jackpots.png"; path = "Video Poker Pay Tables/Images/glassIcons/Super Triple Play Jackpots.png"; sourceTree = "<group>"; };
		AAE144001F06ACAC0043AFF2 /* Super Times Pay Spin Poker.png */ = {isa = PBXFileReference; lastKnownFileType = image.png; name = "Super Times Pay Spin Poker.png"; path = "Video Poker Pay Tables/Images/glassIcons/Super Times Pay Spin Poker.png"; sourceTree = "<group>"; };
		AAE144021F06AE220043AFF2 /* Multi-Strike.png */ = {isa = PBXFileReference; lastKnownFileType = image.png; name = "Multi-Strike.png"; path = "Video Poker Pay Tables/Images/glassIcons/Multi-Strike.png"; sourceTree = "<group>"; };
		AAE144041F06AF5E0043AFF2 /* Five Play Draw Poker.png */ = {isa = PBXFileReference; lastKnownFileType = image.png; name = "Five Play Draw Poker.png"; path = "Video Poker Pay Tables/Images/glassIcons/Five Play Draw Poker.png"; sourceTree = "<group>"; };
		AAE144061F06AF640043AFF2 /* Ten Play Draw Poker.png */ = {isa = PBXFileReference; lastKnownFileType = image.png; name = "Ten Play Draw Poker.png"; path = "Video Poker Pay Tables/Images/glassIcons/Ten Play Draw Poker.png"; sourceTree = "<group>"; };
		AAE144081F06AF6A0043AFF2 /* Triple Play Draw Poker.png */ = {isa = PBXFileReference; lastKnownFileType = image.png; name = "Triple Play Draw Poker.png"; path = "Video Poker Pay Tables/Images/glassIcons/Triple Play Draw Poker.png"; sourceTree = "<group>"; };
		AAEB62001F03C2EF000A8E5E /* Double Super Times Pay.png */ = {isa = PBXFileReference; lastKnownFileType = image.png; name = "Double Super Times Pay.png"; path = "Video Poker Pay Tables/Images/glassIcons/Double Super Times Pay.png"; sourceTree = "<group>"; };
		AAEB62021F03D207000A8E5E /* Quick Quads.png */ = {isa = PBXFileReference; lastKnownFileType = image.png; name = "Quick Quads.png"; path = "Video Poker Pay Tables/Images/glassIcons/Quick Quads.png"; sourceTree = "<group>"; };
		AAEB62061F03DDF4000A8E5E /* SHDream Card.png */ = {isa = PBXFileReference; lastKnownFileType = image.png; name = "SHDream Card.png"; path = "Video Poker Pay Tables/Images/glassIcons/SHDream Card.png"; sourceTree = "<group>"; };
		AAEB62081F03DEC6000A8E5E /* SHDouble Super Times Pay.png */ = {isa = PBXFileReference; lastKnownFileType = image.png; name = "SHDouble Super Times Pay.png"; path = "Video Poker Pay Tables/Images/glassIcons/SHDouble Super Times Pay.png"; sourceTree = "<group>"; };
		AAEB620A1F03DEFD000A8E5E /* SHUltimate X.png */ = {isa = PBXFileReference; lastKnownFileType = image.png; name = "SHUltimate X.png"; path = "Video Poker Pay Tables/Images/glassIcons/SHUltimate X.png"; sourceTree = "<group>"; };
		AAEB620C1F03DFFC000A8E5E /* SHQuick Quads.png */ = {isa = PBXFileReference; lastKnownFileType = image.png; name = "SHQuick Quads.png"; path = "Video Poker Pay Tables/Images/glassIcons/SHQuick Quads.png"; sourceTree = "<group>"; };
		AAEB62121F03E362000A8E5E /* SHSuper Times Pay.png */ = {isa = PBXFileReference; lastKnownFileType = image.png; name = "SHSuper Times Pay.png"; path = "Video Poker Pay Tables/Images/glassIcons/SHSuper Times Pay.png"; sourceTree = "<group>"; };
		AAEB62141F03E386000A8E5E /* SHClassic Game King.png */ = {isa = PBXFileReference; lastKnownFileType = image.png; name = "SHClassic Game King.png"; path = "Video Poker Pay Tables/Images/glassIcons/SHClassic Game King.png"; sourceTree = "<group>"; };
		AAEB62161F03EC77000A8E5E /* SHGood Times Pay.png */ = {isa = PBXFileReference; lastKnownFileType = image.png; name = "SHGood Times Pay.png"; path = "Video Poker Pay Tables/Images/glassIcons/SHGood Times Pay.png"; sourceTree = "<group>"; };
		AAEB62181F03EE64000A8E5E /* SHDouble Pay.png */ = {isa = PBXFileReference; lastKnownFileType = image.png; name = "SHDouble Pay.png"; path = "Video Poker Pay Tables/Images/glassIcons/SHDouble Pay.png"; sourceTree = "<group>"; };
		AAEB621A1F03F526000A8E5E /* SHUltimate Four of a Kind.png */ = {isa = PBXFileReference; lastKnownFileType = image.png; name = "SHUltimate Four of a Kind.png"; path = "Video Poker Pay Tables/Images/glassIcons/SHUltimate Four of a Kind.png"; sourceTree = "<group>"; };
/* End PBXFileReference section */

/* Begin PBXFrameworksBuildPhase section */
		AA307D441EF3EA1A006FF7DF /* Frameworks */ = {
			isa = PBXFrameworksBuildPhase;
			buildActionMask = 2147483647;
			files = (
			);
			runOnlyForDeploymentPostprocessing = 0;
		};
/* End PBXFrameworksBuildPhase section */

/* Begin PBXGroup section */
		AA307D3E1EF3EA1A006FF7DF = {
			isa = PBXGroup;
			children = (
				AA307D491EF3EA1A006FF7DF /* Video Poker Pay Tables */,
				AA307D621EF42656006FF7DF /* Media */,
				AA307D481EF3EA1A006FF7DF /* Products */,
			);
			sourceTree = "<group>";
		};
		AA307D481EF3EA1A006FF7DF /* Products */ = {
			isa = PBXGroup;
			children = (
				AA307D471EF3EA1A006FF7DF /* Video Poker Pay Tables.app */,
			);
			name = Products;
			sourceTree = "<group>";
		};
		AA307D491EF3EA1A006FF7DF /* Video Poker Pay Tables */ = {
			isa = PBXGroup;
			children = (
				AA307D4A1EF3EA1A006FF7DF /* AppDelegate.swift */,
				AA307D4E1EF3EA1A006FF7DF /* Main.storyboard */,
				AA307D651EF42EC9006FF7DF /* DataModels */,
				AA307D6A1EF438CD006FF7DF /* ViewControllers */,
				AA307D511EF3EA1A006FF7DF /* Assets.xcassets */,
				AA307D531EF3EA1A006FF7DF /* LaunchScreen.storyboard */,
				AA307D561EF3EA1A006FF7DF /* Info.plist */,
			);
			path = "Video Poker Pay Tables";
			sourceTree = "<group>";
		};
		AA307D621EF42656006FF7DF /* Media */ = {
			isa = PBXGroup;
			children = (
				AA307D781EF8165C006FF7DF /* Button.png */,
				AA307D761EF7FC85006FF7DF /* BG.png */,
				AA307D6F1EF7DD02006FF7DF /* GlassIcons */,
				AA307D5C1EF3F2AF006FF7DF /* VPLogo.png */,
			);
			name = Media;
			sourceTree = "<group>";
		};
		AA307D651EF42EC9006FF7DF /* DataModels */ = {
			isa = PBXGroup;
			children = (
				AA307D601EF40ECF006FF7DF /* paytableData.swift */,
				AA307D631EF42B0D006FF7DF /* GenericPayTables.swift */,
				AA307D701EF7DDAB006FF7DF /* SHGamePayTables.swift */,
				AAC160131EFD736300B81DA1 /* MHGamePayTables.swift */,
			);
			name = DataModels;
			sourceTree = "<group>";
		};
		AA307D6A1EF438CD006FF7DF /* ViewControllers */ = {
			isa = PBXGroup;
			children = (
				AA307D4C1EF3EA1A006FF7DF /* ViewController.swift */,
				AA307D5E1EF3FDF9006FF7DF /* GameNamesTable.swift */,
				AA307D681EF4360D006FF7DF /* GameFamilyTable.swift */,
				AA307D6D1EF7D7C9006FF7DF /* PayTableTable.swift */,
				AA307D741EF7F56B006FF7DF /* PayTableCell.swift */,
				AA307D721EF7E3D1006FF7DF /* PayTableScreen.swift */,
			);
			name = ViewControllers;
			sourceTree = "<group>";
		};
		AA307D6F1EF7DD02006FF7DF /* GlassIcons */ = {
			isa = PBXGroup;
			children = (
				AAE143EB1F0695A40043AFF2 /* SingleHand */,
				AAE143EA1F06959E0043AFF2 /* MultiHand */,
			);
			name = GlassIcons;
			sourceTree = "<group>";
		};
		AAE143EA1F06959E0043AFF2 /* MultiHand */ = {
			isa = PBXGroup;
			children = (
				AA6DD9D21F9E49FD00C74851 /* Ace Invaders.png */,
				AA6DD9D41F9E4A1D00C74851 /* Big Split.png */,
				AA6DD9E61F9E4BCF00C74851 /* Double Pay Spin.png */,
				AA6DD9E21F9E4B2E00C74851 /* Big Times Draw Poker.png */,
				AA6DD9AC1F9E3EFB00C74851 /* Double Down Stud.png */,
				AA6DD9D01F9E438900C74851 /* Double Pay.png */,
				AAEB62001F03C2EF000A8E5E /* Double Super Times Pay.png */,
				AA6DD9B01F9E3F1900C74851 /* Dream Card.png */,
				AA6DD9AE1F9E3F0500C74851 /* Fifty Play Draw Poker.png */,
				AA6DD9B41F9E3FA100C74851 /* Fifty Play with Quick Quads.png */,
				AA6DD9CE1F9E429800C74851 /* Fifty Play with Super Times Pay.png */,
				AA6DD9B81F9E3FFF00C74851 /* Five Aces.png */,
				AAE144041F06AF5E0043AFF2 /* Five Play Draw Poker.png */,
				AAE143F01F06969B0043AFF2 /* Good Times Pay.png */,
				AAE143F21F0696EA0043AFF2 /* Hot Roll.png */,
				AA6DD9BE1F9E408F00C74851 /* Hundred Play Draw Poker.png */,
				AA6DD9BA1F9E403D00C74851 /* Hundred Play with Quick Quads.png */,
				AA6DD9BC1F9E406300C74851 /* Hundred Play with Super Times Pay.png */,
				AA6DD9DA1F9E4A8F00C74851 /* Multi-Strike with Super Times Pay.png */,
				AAE144021F06AE220043AFF2 /* Multi-Strike.png */,
				AAE143EE1F0696670043AFF2 /* Powerhouse.png */,
				AAEB62021F03D207000A8E5E /* Quick Quads.png */,
				AA6DD9DC1F9E4AB400C74851 /* Random Rewards.png */,
				AAE143FC1F0698080043AFF2 /* Spin Poker Deluxe.png */,
				AAE143FA1F0697DE0043AFF2 /* Spin Poker.png */,
				AA6DD9C01F9E40D300C74851 /* Spin with Dream Card.png */,
				AAE144001F06ACAC0043AFF2 /* Super Times Pay Spin Poker.png */,
				AAE143EC1F0696240043AFF2 /* Super Times Pay.png */,
				AAE143FE1F06988C0043AFF2 /* Super Triple Play Jackpots.png */,
				AAE143F81F0697960043AFF2 /* Super Triple Play.png */,
				AAE144061F06AF640043AFF2 /* Ten Play Draw Poker.png */,
				AAE144081F06AF6A0043AFF2 /* Triple Play Draw Poker.png */,
				AA6DD9CC1F9E41F800C74851 /* Triple Spin Poker.png */,
				AAE143F41F0697420043AFF2 /* Ultimate X Poker Bonus Streak.png */,
				AAC160111EFD65B300B81DA1 /* Ultimate X.png */,
				AA6DD9CA1F9E41A000C74851 /* Wheel Poker Deluxe.png */,
				AA6DD9C81F9E418C00C74851 /* Wheel Poker with Quick Quads.png */,
				AAE143F61F0697650043AFF2 /* Wheel Poker.png */,
			);
			name = MultiHand;
			sourceTree = "<group>";
		};
		AAE143EB1F0695A40043AFF2 /* SingleHand */ = {
			isa = PBXGroup;
			children = (
				AAEB62141F03E386000A8E5E /* SHClassic Game King.png */,
				AA6DD9B21F9E3F5000C74851 /* SHDouble Down Stud.png */,
				AAEB62181F03EE64000A8E5E /* SHDouble Pay.png */,
				AAEB62081F03DEC6000A8E5E /* SHDouble Super Times Pay.png */,
				AAEB62061F03DDF4000A8E5E /* SHDream Card.png */,
				AAEB62161F03EC77000A8E5E /* SHGood Times Pay.png */,
				AAEB620C1F03DFFC000A8E5E /* SHQuick Quads.png */,
				AAEB62121F03E362000A8E5E /* SHSuper Times Pay.png */,
				AA6DD9E01F9E4B0A00C74851 /* SHRandom Rewards.png */,
				AAEB621A1F03F526000A8E5E /* SHUltimate Four of a Kind.png */,
				AAEB620A1F03DEFD000A8E5E /* SHUltimate X.png */,
			);
			name = SingleHand;
			sourceTree = "<group>";
		};
/* End PBXGroup section */

/* Begin PBXNativeTarget section */
		AA307D461EF3EA1A006FF7DF /* Video Poker Pay Tables */ = {
			isa = PBXNativeTarget;
			buildConfigurationList = AA307D591EF3EA1A006FF7DF /* Build configuration list for PBXNativeTarget "Video Poker Pay Tables" */;
			buildPhases = (
				AA307D431EF3EA1A006FF7DF /* Sources */,
				AA307D441EF3EA1A006FF7DF /* Frameworks */,
				AA307D451EF3EA1A006FF7DF /* Resources */,
			);
			buildRules = (
			);
			dependencies = (
			);
			name = "Video Poker Pay Tables";
			productName = "Video Poker Pay Tables";
			productReference = AA307D471EF3EA1A006FF7DF /* Video Poker Pay Tables.app */;
			productType = "com.apple.product-type.application";
		};
/* End PBXNativeTarget section */

/* Begin PBXProject section */
		AA307D3F1EF3EA1A006FF7DF /* Project object */ = {
			isa = PBXProject;
			attributes = {
				LastSwiftUpdateCheck = 0830;
				LastUpgradeCheck = 0830;
				ORGANIZATIONNAME = VideoPoker.com;
				TargetAttributes = {
					AA307D461EF3EA1A006FF7DF = {
						CreatedOnToolsVersion = 8.3.3;
						DevelopmentTeam = YUT7BRX8PN;
						ProvisioningStyle = Automatic;
					};
				};
			};
			buildConfigurationList = AA307D421EF3EA1A006FF7DF /* Build configuration list for PBXProject "Video Poker Pay Tables" */;
			compatibilityVersion = "Xcode 3.2";
			developmentRegion = English;
			hasScannedForEncodings = 0;
			knownRegions = (
				en,
				Base,
			);
			mainGroup = AA307D3E1EF3EA1A006FF7DF;
			productRefGroup = AA307D481EF3EA1A006FF7DF /* Products */;
			projectDirPath = "";
			projectRoot = "";
			targets = (
				AA307D461EF3EA1A006FF7DF /* Video Poker Pay Tables */,
			);
		};
/* End PBXProject section */

/* Begin PBXResourcesBuildPhase section */
		AA307D451EF3EA1A006FF7DF /* Resources */ = {
			isa = PBXResourcesBuildPhase;
			buildActionMask = 2147483647;
			files = (
				AA6DD9C91F9E418C00C74851 /* Wheel Poker with Quick Quads.png in Resources */,
				AAE144011F06ACAC0043AFF2 /* Super Times Pay Spin Poker.png in Resources */,
				AA6DD9DD1F9E4AB500C74851 /* Random Rewards.png in Resources */,
				AA6DD9BD1F9E406300C74851 /* Hundred Play with Super Times Pay.png in Resources */,
				AA6DD9CD1F9E41F800C74851 /* Triple Spin Poker.png in Resources */,
				AA6DD9B31F9E3F5000C74851 /* SHDouble Down Stud.png in Resources */,
				AAE143F11F06969B0043AFF2 /* Good Times Pay.png in Resources */,
				AA6DD9BB1F9E403D00C74851 /* Hundred Play with Quick Quads.png in Resources */,
				AAEB62091F03DEC6000A8E5E /* SHDouble Super Times Pay.png in Resources */,
				AAE143FB1F0697DE0043AFF2 /* Spin Poker.png in Resources */,
				AAE143FD1F0698080043AFF2 /* Spin Poker Deluxe.png in Resources */,
				AAEB62191F03EE64000A8E5E /* SHDouble Pay.png in Resources */,
				AA307D771EF7FC85006FF7DF /* BG.png in Resources */,
				AA6DD9E71F9E4BCF00C74851 /* Double Pay Spin.png in Resources */,
				AA307D5D1EF3F2AF006FF7DF /* VPLogo.png in Resources */,
				AA6DD9AD1F9E3EFB00C74851 /* Double Down Stud.png in Resources */,
				AA6DD9AF1F9E3F0500C74851 /* Fifty Play Draw Poker.png in Resources */,
				AAE143F31F0696EA0043AFF2 /* Hot Roll.png in Resources */,
				AAEB62071F03DDF4000A8E5E /* SHDream Card.png in Resources */,
				AA6DD9B91F9E400000C74851 /* Five Aces.png in Resources */,
				AAE144091F06AF6A0043AFF2 /* Triple Play Draw Poker.png in Resources */,
				AA6DD9B11F9E3F1900C74851 /* Dream Card.png in Resources */,
				AAEB62011F03C2EF000A8E5E /* Double Super Times Pay.png in Resources */,
				AA6DD9CB1F9E41A100C74851 /* Wheel Poker Deluxe.png in Resources */,
				AA6DD9D31F9E49FD00C74851 /* Ace Invaders.png in Resources */,
				AA6DD9D11F9E438A00C74851 /* Double Pay.png in Resources */,
				AA6DD9BF1F9E408F00C74851 /* Hundred Play Draw Poker.png in Resources */,
				AAE143F71F0697650043AFF2 /* Wheel Poker.png in Resources */,
				AA6DD9DB1F9E4A8F00C74851 /* Multi-Strike with Super Times Pay.png in Resources */,
				AAE143F91F0697960043AFF2 /* Super Triple Play.png in Resources */,
				AA307D551EF3EA1A006FF7DF /* LaunchScreen.storyboard in Resources */,
				AAEB620B1F03DEFD000A8E5E /* SHUltimate X.png in Resources */,
				AAEB621B1F03F526000A8E5E /* SHUltimate Four of a Kind.png in Resources */,
				AA6DD9CF1F9E429800C74851 /* Fifty Play with Super Times Pay.png in Resources */,
				AAEB62171F03EC77000A8E5E /* SHGood Times Pay.png in Resources */,
				AAEB620D1F03DFFC000A8E5E /* SHQuick Quads.png in Resources */,
				AA6DD9C11F9E40D300C74851 /* Spin with Dream Card.png in Resources */,
				AA6DD9D51F9E4A1D00C74851 /* Big Split.png in Resources */,
				AAE143FF1F06988C0043AFF2 /* Super Triple Play Jackpots.png in Resources */,
				AAE143EF1F0696670043AFF2 /* Powerhouse.png in Resources */,
				AA307D521EF3EA1A006FF7DF /* Assets.xcassets in Resources */,
				AAE144031F06AE220043AFF2 /* Multi-Strike.png in Resources */,
				AAE144071F06AF640043AFF2 /* Ten Play Draw Poker.png in Resources */,
				AA307D501EF3EA1A006FF7DF /* Main.storyboard in Resources */,
				AAEB62151F03E386000A8E5E /* SHClassic Game King.png in Resources */,
				AAE144051F06AF5E0043AFF2 /* Five Play Draw Poker.png in Resources */,
				AAEB62031F03D207000A8E5E /* Quick Quads.png in Resources */,
				AAE143ED1F0696240043AFF2 /* Super Times Pay.png in Resources */,
				AAC160121EFD65B300B81DA1 /* Ultimate X.png in Resources */,
				AA6DD9E11F9E4B0A00C74851 /* SHRandom Rewards.png in Resources */,
				AAE143F51F0697420043AFF2 /* Ultimate X Poker Bonus Streak.png in Resources */,
				AAEB62131F03E362000A8E5E /* SHSuper Times Pay.png in Resources */,
				AA307D791EF8165C006FF7DF /* Button.png in Resources */,
				AA6DD9E31F9E4B2F00C74851 /* Big Times Draw Poker.png in Resources */,
				AA6DD9B51F9E3FA200C74851 /* Fifty Play with Quick Quads.png in Resources */,
			);
			runOnlyForDeploymentPostprocessing = 0;
		};
/* End PBXResourcesBuildPhase section */

/* Begin PBXSourcesBuildPhase section */
		AA307D431EF3EA1A006FF7DF /* Sources */ = {
			isa = PBXSourcesBuildPhase;
			buildActionMask = 2147483647;
			files = (
				AA307D6E1EF7D7C9006FF7DF /* PayTableTable.swift in Sources */,
				AA307D4D1EF3EA1A006FF7DF /* ViewController.swift in Sources */,
				AAC160141EFD736300B81DA1 /* MHGamePayTables.swift in Sources */,
				AA307D691EF4360D006FF7DF /* GameFamilyTable.swift in Sources */,
				AA307D611EF40ECF006FF7DF /* paytableData.swift in Sources */,
				AA307D711EF7DDAB006FF7DF /* SHGamePayTables.swift in Sources */,
				AA307D751EF7F56B006FF7DF /* PayTableCell.swift in Sources */,
				AA307D4B1EF3EA1A006FF7DF /* AppDelegate.swift in Sources */,
				AA307D731EF7E3D1006FF7DF /* PayTableScreen.swift in Sources */,
				AA307D641EF42B0D006FF7DF /* GenericPayTables.swift in Sources */,
				AA307D5F1EF3FDF9006FF7DF /* GameNamesTable.swift in Sources */,
			);
			runOnlyForDeploymentPostprocessing = 0;
		};
/* End PBXSourcesBuildPhase section */

/* Begin PBXVariantGroup section */
		AA307D4E1EF3EA1A006FF7DF /* Main.storyboard */ = {
			isa = PBXVariantGroup;
			children = (
				AA307D4F1EF3EA1A006FF7DF /* Base */,
			);
			name = Main.storyboard;
			sourceTree = "<group>";
		};
		AA307D531EF3EA1A006FF7DF /* LaunchScreen.storyboard */ = {
			isa = PBXVariantGroup;
			children = (
				AA307D541EF3EA1A006FF7DF /* Base */,
			);
			name = LaunchScreen.storyboard;
			sourceTree = "<group>";
		};
/* End PBXVariantGroup section */

/* Begin XCBuildConfiguration section */
		AA307D571EF3EA1A006FF7DF /* Debug */ = {
			isa = XCBuildConfiguration;
			buildSettings = {
				ALWAYS_SEARCH_USER_PATHS = NO;
				CLANG_ANALYZER_NONNULL = YES;
				CLANG_ANALYZER_NUMBER_OBJECT_CONVERSION = YES_AGGRESSIVE;
				CLANG_CXX_LANGUAGE_STANDARD = "gnu++0x";
				CLANG_CXX_LIBRARY = "libc++";
				CLANG_ENABLE_MODULES = YES;
				CLANG_ENABLE_OBJC_ARC = YES;
				CLANG_WARN_BOOL_CONVERSION = YES;
				CLANG_WARN_CONSTANT_CONVERSION = YES;
				CLANG_WARN_DIRECT_OBJC_ISA_USAGE = YES_ERROR;
				CLANG_WARN_DOCUMENTATION_COMMENTS = YES;
				CLANG_WARN_EMPTY_BODY = YES;
				CLANG_WARN_ENUM_CONVERSION = YES;
				CLANG_WARN_INFINITE_RECURSION = YES;
				CLANG_WARN_INT_CONVERSION = YES;
				CLANG_WARN_OBJC_ROOT_CLASS = YES_ERROR;
				CLANG_WARN_SUSPICIOUS_MOVE = YES;
				CLANG_WARN_UNREACHABLE_CODE = YES;
				CLANG_WARN__DUPLICATE_METHOD_MATCH = YES;
				"CODE_SIGN_IDENTITY[sdk=iphoneos*]" = "iPhone Developer";
				COPY_PHASE_STRIP = NO;
				DEBUG_INFORMATION_FORMAT = dwarf;
				ENABLE_STRICT_OBJC_MSGSEND = YES;
				ENABLE_TESTABILITY = YES;
				GCC_C_LANGUAGE_STANDARD = gnu99;
				GCC_DYNAMIC_NO_PIC = NO;
				GCC_NO_COMMON_BLOCKS = YES;
				GCC_OPTIMIZATION_LEVEL = 0;
				GCC_PREPROCESSOR_DEFINITIONS = (
					"DEBUG=1",
					"$(inherited)",
				);
				GCC_WARN_64_TO_32_BIT_CONVERSION = YES;
				GCC_WARN_ABOUT_RETURN_TYPE = YES_ERROR;
				GCC_WARN_UNDECLARED_SELECTOR = YES;
				GCC_WARN_UNINITIALIZED_AUTOS = YES_AGGRESSIVE;
				GCC_WARN_UNUSED_FUNCTION = YES;
				GCC_WARN_UNUSED_VARIABLE = YES;
				IPHONEOS_DEPLOYMENT_TARGET = 10.3;
				MTL_ENABLE_DEBUG_INFO = YES;
				ONLY_ACTIVE_ARCH = YES;
				SDKROOT = iphoneos;
				SWIFT_ACTIVE_COMPILATION_CONDITIONS = DEBUG;
				SWIFT_OPTIMIZATION_LEVEL = "-Onone";
				TARGETED_DEVICE_FAMILY = "1,2";
			};
			name = Debug;
		};
		AA307D581EF3EA1A006FF7DF /* Release */ = {
			isa = XCBuildConfiguration;
			buildSettings = {
				ALWAYS_SEARCH_USER_PATHS = NO;
				CLANG_ANALYZER_NONNULL = YES;
				CLANG_ANALYZER_NUMBER_OBJECT_CONVERSION = YES_AGGRESSIVE;
				CLANG_CXX_LANGUAGE_STANDARD = "gnu++0x";
				CLANG_CXX_LIBRARY = "libc++";
				CLANG_ENABLE_MODULES = YES;
				CLANG_ENABLE_OBJC_ARC = YES;
				CLANG_WARN_BOOL_CONVERSION = YES;
				CLANG_WARN_CONSTANT_CONVERSION = YES;
				CLANG_WARN_DIRECT_OBJC_ISA_USAGE = YES_ERROR;
				CLANG_WARN_DOCUMENTATION_COMMENTS = YES;
				CLANG_WARN_EMPTY_BODY = YES;
				CLANG_WARN_ENUM_CONVERSION = YES;
				CLANG_WARN_INFINITE_RECURSION = YES;
				CLANG_WARN_INT_CONVERSION = YES;
				CLANG_WARN_OBJC_ROOT_CLASS = YES_ERROR;
				CLANG_WARN_SUSPICIOUS_MOVE = YES;
				CLANG_WARN_UNREACHABLE_CODE = YES;
				CLANG_WARN__DUPLICATE_METHOD_MATCH = YES;
				"CODE_SIGN_IDENTITY[sdk=iphoneos*]" = "iPhone Developer";
				COPY_PHASE_STRIP = NO;
				DEBUG_INFORMATION_FORMAT = "dwarf-with-dsym";
				ENABLE_NS_ASSERTIONS = NO;
				ENABLE_STRICT_OBJC_MSGSEND = YES;
				GCC_C_LANGUAGE_STANDARD = gnu99;
				GCC_NO_COMMON_BLOCKS = YES;
				GCC_WARN_64_TO_32_BIT_CONVERSION = YES;
				GCC_WARN_ABOUT_RETURN_TYPE = YES_ERROR;
				GCC_WARN_UNDECLARED_SELECTOR = YES;
				GCC_WARN_UNINITIALIZED_AUTOS = YES_AGGRESSIVE;
				GCC_WARN_UNUSED_FUNCTION = YES;
				GCC_WARN_UNUSED_VARIABLE = YES;
				IPHONEOS_DEPLOYMENT_TARGET = 10.3;
				MTL_ENABLE_DEBUG_INFO = NO;
				SDKROOT = iphoneos;
				SWIFT_OPTIMIZATION_LEVEL = "-Owholemodule";
				TARGETED_DEVICE_FAMILY = "1,2";
				VALIDATE_PRODUCT = YES;
			};
			name = Release;
		};
		AA307D5A1EF3EA1A006FF7DF /* Debug */ = {
			isa = XCBuildConfiguration;
			buildSettings = {
				ASSETCATALOG_COMPILER_APPICON_NAME = AppIcon;
				DEVELOPMENT_TEAM = YUT7BRX8PN;
				INFOPLIST_FILE = "Video Poker Pay Tables/Info.plist";
				LD_RUNPATH_SEARCH_PATHS = "$(inherited) @executable_path/Frameworks";
				PRODUCT_BUNDLE_IDENTIFIER = "VideoPoker.Video-Poker-Pay-Tables";
				PRODUCT_NAME = "$(TARGET_NAME)";
				SWIFT_VERSION = 3.0;
				TARGETED_DEVICE_FAMILY = 1;
			};
			name = Debug;
		};
		AA307D5B1EF3EA1A006FF7DF /* Release */ = {
			isa = XCBuildConfiguration;
			buildSettings = {
				ASSETCATALOG_COMPILER_APPICON_NAME = AppIcon;
				DEVELOPMENT_TEAM = YUT7BRX8PN;
				INFOPLIST_FILE = "Video Poker Pay Tables/Info.plist";
				LD_RUNPATH_SEARCH_PATHS = "$(inherited) @executable_path/Frameworks";
				PRODUCT_BUNDLE_IDENTIFIER = "VideoPoker.Video-Poker-Pay-Tables";
				PRODUCT_NAME = "$(TARGET_NAME)";
				SWIFT_VERSION = 3.0;
				TARGETED_DEVICE_FAMILY = 1;
			};
			name = Release;
		};
/* End XCBuildConfiguration section */

/* Begin XCConfigurationList section */
		AA307D421EF3EA1A006FF7DF /* Build configuration list for PBXProject "Video Poker Pay Tables" */ = {
			isa = XCConfigurationList;
			buildConfigurations = (
				AA307D571EF3EA1A006FF7DF /* Debug */,
				AA307D581EF3EA1A006FF7DF /* Release */,
			);
			defaultConfigurationIsVisible = 0;
			defaultConfigurationName = Release;
		};
		AA307D591EF3EA1A006FF7DF /* Build configuration list for PBXNativeTarget "Video Poker Pay Tables" */ = {
			isa = XCConfigurationList;
			buildConfigurations = (
				AA307D5A1EF3EA1A006FF7DF /* Debug */,
				AA307D5B1EF3EA1A006FF7DF /* Release */,
			);
			defaultConfigurationIsVisible = 0;
			defaultConfigurationName = Release;
		};
/* End XCConfigurationList section */
	};
	rootObject = AA307D3F1EF3EA1A006FF7DF /* Project object */;
}
