// !$*UTF8*$!
{
	archiveVersion = 1;
	classes = {
	};
	objectVersion = 46;
	objects = {

/* Begin PBXBuildFile section */
		AA307D4B1EF3EA1A006FF7DF /* AppDelegate.swift in Sources */ = {isa = PBXBuildFile; fileRef = AA307D4A1EF3EA1A006FF7DF /* AppDelegate.swift */; };
		AA307D4D1EF3EA1A006FF7DF /* ViewController.swift in Sources */ = {isa = PBXBuildFile; fileRef = AA307D4C1EF3EA1A006FF7DF /* ViewController.swift */; };
		AA307D501EF3EA1A006FF7DF /* Main.storyboard in Resources */ = {isa = PBXBuildFile; fileRef = AA307D4E1EF3EA1A006FF7DF /* Main.storyboard */; };
		AA307D521EF3EA1A006FF7DF /* Assets.xcassets in Resources */ = {isa = PBXBuildFile; fileRef = AA307D511EF3EA1A006FF7DF /* Assets.xcassets */; };
		AA307D551EF3EA1A006FF7DF /* LaunchScreen.storyboard in Resources */ = {isa = PBXBuildFile; fileRef = AA307D531EF3EA1A006FF7DF /* LaunchScreen.storyboard */; };
		AA307D5D1EF3F2AF006FF7DF /* VPLogo.png in Resources */ = {isa = PBXBuildFile; fileRef = AA307D5C1EF3F2AF006FF7DF /* VPLogo.png */; };
		AA307D5F1EF3FDF9006FF7DF /* GameNamesTable.swift in Sources */ = {isa = PBXBuildFile; fileRef = AA307D5E1EF3FDF9006FF7DF /* GameNamesTable.swift */; };
		AA307D611EF40ECF006FF7DF /* paytableData.swift in Sources */ = {isa = PBXBuildFile; fileRef = AA307D601EF40ECF006FF7DF /* paytableData.swift */; };
		AA307D641EF42B0D006FF7DF /* GenericPayTables.swift in Sources */ = {isa = PBXBuildFile; fileRef = AA307D631EF42B0D006FF7DF /* GenericPayTables.swift */; };
		AA307D691EF4360D006FF7DF /* GameFamilyTable.swift in Sources */ = {isa = PBXBuildFile; fileRef = AA307D681EF4360D006FF7DF /* GameFamilyTable.swift */; };
		AA307D6E1EF7D7C9006FF7DF /* PayTableTable.swift in Sources */ = {isa = PBXBuildFile; fileRef = AA307D6D1EF7D7C9006FF7DF /* PayTableTable.swift */; };
		AA307D711EF7DDAB006FF7DF /* GamePayTables.swift in Sources */ = {isa = PBXBuildFile; fileRef = AA307D701EF7DDAB006FF7DF /* GamePayTables.swift */; };
		AA307D731EF7E3D1006FF7DF /* PayTableScreen.swift in Sources */ = {isa = PBXBuildFile; fileRef = AA307D721EF7E3D1006FF7DF /* PayTableScreen.swift */; };
		AA307D751EF7F56B006FF7DF /* PayTableCell.swift in Sources */ = {isa = PBXBuildFile; fileRef = AA307D741EF7F56B006FF7DF /* PayTableCell.swift */; };
		AA307D771EF7FC85006FF7DF /* BG.png in Resources */ = {isa = PBXBuildFile; fileRef = AA307D761EF7FC85006FF7DF /* BG.png */; };
		AA307D791EF8165C006FF7DF /* Button.png in Resources */ = {isa = PBXBuildFile; fileRef = AA307D781EF8165C006FF7DF /* Button.png */; };
/* End PBXBuildFile section */

/* Begin PBXFileReference section */
		AA307D471EF3EA1A006FF7DF /* Video Poker Pay Tables.app */ = {isa = PBXFileReference; explicitFileType = wrapper.application; includeInIndex = 0; path = "Video Poker Pay Tables.app"; sourceTree = BUILT_PRODUCTS_DIR; };
		AA307D4A1EF3EA1A006FF7DF /* AppDelegate.swift */ = {isa = PBXFileReference; lastKnownFileType = sourcecode.swift; path = AppDelegate.swift; sourceTree = "<group>"; };
		AA307D4C1EF3EA1A006FF7DF /* ViewController.swift */ = {isa = PBXFileReference; lastKnownFileType = sourcecode.swift; path = ViewController.swift; sourceTree = "<group>"; };
		AA307D4F1EF3EA1A006FF7DF /* Base */ = {isa = PBXFileReference; lastKnownFileType = file.storyboard; name = Base; path = Base.lproj/Main.storyboard; sourceTree = "<group>"; };
		AA307D511EF3EA1A006FF7DF /* Assets.xcassets */ = {isa = PBXFileReference; lastKnownFileType = folder.assetcatalog; path = Assets.xcassets; sourceTree = "<group>"; };
		AA307D541EF3EA1A006FF7DF /* Base */ = {isa = PBXFileReference; lastKnownFileType = file.storyboard; name = Base; path = Base.lproj/LaunchScreen.storyboard; sourceTree = "<group>"; };
		AA307D561EF3EA1A006FF7DF /* Info.plist */ = {isa = PBXFileReference; lastKnownFileType = text.plist.xml; path = Info.plist; sourceTree = "<group>"; };
		AA307D5C1EF3F2AF006FF7DF /* VPLogo.png */ = {isa = PBXFileReference; lastKnownFileType = image.png; name = VPLogo.png; path = "Video Poker Pay Tables/Images/VPLogo.png"; sourceTree = "<group>"; };
		AA307D5E1EF3FDF9006FF7DF /* GameNamesTable.swift */ = {isa = PBXFileReference; fileEncoding = 4; lastKnownFileType = sourcecode.swift; path = GameNamesTable.swift; sourceTree = "<group>"; };
		AA307D601EF40ECF006FF7DF /* paytableData.swift */ = {isa = PBXFileReference; fileEncoding = 4; lastKnownFileType = sourcecode.swift; path = paytableData.swift; sourceTree = "<group>"; };
		AA307D631EF42B0D006FF7DF /* GenericPayTables.swift */ = {isa = PBXFileReference; fileEncoding = 4; lastKnownFileType = sourcecode.swift; path = GenericPayTables.swift; sourceTree = "<group>"; };
		AA307D681EF4360D006FF7DF /* GameFamilyTable.swift */ = {isa = PBXFileReference; fileEncoding = 4; lastKnownFileType = sourcecode.swift; path = GameFamilyTable.swift; sourceTree = "<group>"; };
		AA307D6D1EF7D7C9006FF7DF /* PayTableTable.swift */ = {isa = PBXFileReference; fileEncoding = 4; lastKnownFileType = sourcecode.swift; path = PayTableTable.swift; sourceTree = "<group>"; };
		AA307D701EF7DDAB006FF7DF /* GamePayTables.swift */ = {isa = PBXFileReference; fileEncoding = 4; lastKnownFileType = sourcecode.swift; path = GamePayTables.swift; sourceTree = "<group>"; };
		AA307D721EF7E3D1006FF7DF /* PayTableScreen.swift */ = {isa = PBXFileReference; fileEncoding = 4; lastKnownFileType = sourcecode.swift; path = PayTableScreen.swift; sourceTree = "<group>"; };
		AA307D741EF7F56B006FF7DF /* PayTableCell.swift */ = {isa = PBXFileReference; fileEncoding = 4; lastKnownFileType = sourcecode.swift; path = PayTableCell.swift; sourceTree = "<group>"; };
		AA307D761EF7FC85006FF7DF /* BG.png */ = {isa = PBXFileReference; lastKnownFileType = image.png; name = BG.png; path = "Video Poker Pay Tables/Images/BG.png"; sourceTree = "<group>"; };
		AA307D781EF8165C006FF7DF /* Button.png */ = {isa = PBXFileReference; lastKnownFileType = image.png; name = Button.png; path = "Video Poker Pay Tables/Images/Button.png"; sourceTree = "<group>"; };
/* End PBXFileReference section */

/* Begin PBXFrameworksBuildPhase section */
		AA307D441EF3EA1A006FF7DF /* Frameworks */ = {
			isa = PBXFrameworksBuildPhase;
			buildActionMask = 2147483647;
			files = (
			);
			runOnlyForDeploymentPostprocessing = 0;
		};
/* End PBXFrameworksBuildPhase section */

/* Begin PBXGroup section */
		AA307D3E1EF3EA1A006FF7DF = {
			isa = PBXGroup;
			children = (
				AA307D491EF3EA1A006FF7DF /* Video Poker Pay Tables */,
				AA307D621EF42656006FF7DF /* Media */,
				AA307D481EF3EA1A006FF7DF /* Products */,
			);
			sourceTree = "<group>";
		};
		AA307D481EF3EA1A006FF7DF /* Products */ = {
			isa = PBXGroup;
			children = (
				AA307D471EF3EA1A006FF7DF /* Video Poker Pay Tables.app */,
			);
			name = Products;
			sourceTree = "<group>";
		};
		AA307D491EF3EA1A006FF7DF /* Video Poker Pay Tables */ = {
			isa = PBXGroup;
			children = (
				AA307D4A1EF3EA1A006FF7DF /* AppDelegate.swift */,
				AA307D4E1EF3EA1A006FF7DF /* Main.storyboard */,
				AA307D651EF42EC9006FF7DF /* Data */,
				AA307D6A1EF438CD006FF7DF /* ViewControllers */,
				AA307D511EF3EA1A006FF7DF /* Assets.xcassets */,
				AA307D531EF3EA1A006FF7DF /* LaunchScreen.storyboard */,
				AA307D561EF3EA1A006FF7DF /* Info.plist */,
			);
			path = "Video Poker Pay Tables";
			sourceTree = "<group>";
		};
		AA307D621EF42656006FF7DF /* Media */ = {
			isa = PBXGroup;
			children = (
				AA307D781EF8165C006FF7DF /* Button.png */,
				AA307D761EF7FC85006FF7DF /* BG.png */,
				AA307D6F1EF7DD02006FF7DF /* GlassIcons */,
				AA307D5C1EF3F2AF006FF7DF /* VPLogo.png */,
			);
			name = Media;
			sourceTree = "<group>";
		};
		AA307D651EF42EC9006FF7DF /* Data */ = {
			isa = PBXGroup;
			children = (
				AA307D601EF40ECF006FF7DF /* paytableData.swift */,
				AA307D631EF42B0D006FF7DF /* GenericPayTables.swift */,
				AA307D701EF7DDAB006FF7DF /* GamePayTables.swift */,
			);
			name = Data;
			sourceTree = "<group>";
		};
		AA307D6A1EF438CD006FF7DF /* ViewControllers */ = {
			isa = PBXGroup;
			children = (
				AA307D4C1EF3EA1A006FF7DF /* ViewController.swift */,
				AA307D5E1EF3FDF9006FF7DF /* GameNamesTable.swift */,
				AA307D681EF4360D006FF7DF /* GameFamilyTable.swift */,
				AA307D6D1EF7D7C9006FF7DF /* PayTableTable.swift */,
				AA307D741EF7F56B006FF7DF /* PayTableCell.swift */,
				AA307D721EF7E3D1006FF7DF /* PayTableScreen.swift */,
			);
			name = ViewControllers;
			sourceTree = "<group>";
		};
		AA307D6F1EF7DD02006FF7DF /* GlassIcons */ = {
			isa = PBXGroup;
			children = (
			);
			name = GlassIcons;
			sourceTree = "<group>";
		};
/* End PBXGroup section */

/* Begin PBXNativeTarget section */
		AA307D461EF3EA1A006FF7DF /* Video Poker Pay Tables */ = {
			isa = PBXNativeTarget;
			buildConfigurationList = AA307D591EF3EA1A006FF7DF /* Build configuration list for PBXNativeTarget "Video Poker Pay Tables" */;
			buildPhases = (
				AA307D431EF3EA1A006FF7DF /* Sources */,
				AA307D441EF3EA1A006FF7DF /* Frameworks */,
				AA307D451EF3EA1A006FF7DF /* Resources */,
			);
			buildRules = (
			);
			dependencies = (
			);
			name = "Video Poker Pay Tables";
			productName = "Video Poker Pay Tables";
			productReference = AA307D471EF3EA1A006FF7DF /* Video Poker Pay Tables.app */;
			productType = "com.apple.product-type.application";
		};
/* End PBXNativeTarget section */

/* Begin PBXProject section */
		AA307D3F1EF3EA1A006FF7DF /* Project object */ = {
			isa = PBXProject;
			attributes = {
				LastSwiftUpdateCheck = 0830;
				LastUpgradeCheck = 0830;
				ORGANIZATIONNAME = VideoPoker.com;
				TargetAttributes = {
					AA307D461EF3EA1A006FF7DF = {
						CreatedOnToolsVersion = 8.3.3;
						DevelopmentTeam = YUT7BRX8PN;
						ProvisioningStyle = Automatic;
					};
				};
			};
			buildConfigurationList = AA307D421EF3EA1A006FF7DF /* Build configuration list for PBXProject "Video Poker Pay Tables" */;
			compatibilityVersion = "Xcode 3.2";
			developmentRegion = English;
			hasScannedForEncodings = 0;
			knownRegions = (
				en,
				Base,
			);
			mainGroup = AA307D3E1EF3EA1A006FF7DF;
			productRefGroup = AA307D481EF3EA1A006FF7DF /* Products */;
			projectDirPath = "";
			projectRoot = "";
			targets = (
				AA307D461EF3EA1A006FF7DF /* Video Poker Pay Tables */,
			);
		};
/* End PBXProject section */

/* Begin PBXResourcesBuildPhase section */
		AA307D451EF3EA1A006FF7DF /* Resources */ = {
			isa = PBXResourcesBuildPhase;
			buildActionMask = 2147483647;
			files = (
				AA307D771EF7FC85006FF7DF /* BG.png in Resources */,
				AA307D5D1EF3F2AF006FF7DF /* VPLogo.png in Resources */,
				AA307D551EF3EA1A006FF7DF /* LaunchScreen.storyboard in Resources */,
				AA307D521EF3EA1A006FF7DF /* Assets.xcassets in Resources */,
				AA307D501EF3EA1A006FF7DF /* Main.storyboard in Resources */,
				AA307D791EF8165C006FF7DF /* Button.png in Resources */,
			);
			runOnlyForDeploymentPostprocessing = 0;
		};
/* End PBXResourcesBuildPhase section */

/* Begin PBXSourcesBuildPhase section */
		AA307D431EF3EA1A006FF7DF /* Sources */ = {
			isa = PBXSourcesBuildPhase;
			buildActionMask = 2147483647;
			files = (
				AA307D6E1EF7D7C9006FF7DF /* PayTableTable.swift in Sources */,
				AA307D4D1EF3EA1A006FF7DF /* ViewController.swift in Sources */,
				AA307D691EF4360D006FF7DF /* GameFamilyTable.swift in Sources */,
				AA307D611EF40ECF006FF7DF /* paytableData.swift in Sources */,
				AA307D711EF7DDAB006FF7DF /* GamePayTables.swift in Sources */,
				AA307D751EF7F56B006FF7DF /* PayTableCell.swift in Sources */,
				AA307D4B1EF3EA1A006FF7DF /* AppDelegate.swift in Sources */,
				AA307D731EF7E3D1006FF7DF /* PayTableScreen.swift in Sources */,
				AA307D641EF42B0D006FF7DF /* GenericPayTables.swift in Sources */,
				AA307D5F1EF3FDF9006FF7DF /* GameNamesTable.swift in Sources */,
			);
			runOnlyForDeploymentPostprocessing = 0;
		};
/* End PBXSourcesBuildPhase section */

/* Begin PBXVariantGroup section */
		AA307D4E1EF3EA1A006FF7DF /* Main.storyboard */ = {
			isa = PBXVariantGroup;
			children = (
				AA307D4F1EF3EA1A006FF7DF /* Base */,
			);
			name = Main.storyboard;
			sourceTree = "<group>";
		};
		AA307D531EF3EA1A006FF7DF /* LaunchScreen.storyboard */ = {
			isa = PBXVariantGroup;
			children = (
				AA307D541EF3EA1A006FF7DF /* Base */,
			);
			name = LaunchScreen.storyboard;
			sourceTree = "<group>";
		};
/* End PBXVariantGroup section */

/* Begin XCBuildConfiguration section */
		AA307D571EF3EA1A006FF7DF /* Debug */ = {
			isa = XCBuildConfiguration;
			buildSettings = {
				ALWAYS_SEARCH_USER_PATHS = NO;
				CLANG_ANALYZER_NONNULL = YES;
				CLANG_ANALYZER_NUMBER_OBJECT_CONVERSION = YES_AGGRESSIVE;
				CLANG_CXX_LANGUAGE_STANDARD = "gnu++0x";
				CLANG_CXX_LIBRARY = "libc++";
				CLANG_ENABLE_MODULES = YES;
				CLANG_ENABLE_OBJC_ARC = YES;
				CLANG_WARN_BOOL_CONVERSION = YES;
				CLANG_WARN_CONSTANT_CONVERSION = YES;
				CLANG_WARN_DIRECT_OBJC_ISA_USAGE = YES_ERROR;
				CLANG_WARN_DOCUMENTATION_COMMENTS = YES;
				CLANG_WARN_EMPTY_BODY = YES;
				CLANG_WARN_ENUM_CONVERSION = YES;
				CLANG_WARN_INFINITE_RECURSION = YES;
				CLANG_WARN_INT_CONVERSION = YES;
				CLANG_WARN_OBJC_ROOT_CLASS = YES_ERROR;
				CLANG_WARN_SUSPICIOUS_MOVE = YES;
				CLANG_WARN_UNREACHABLE_CODE = YES;
				CLANG_WARN__DUPLICATE_METHOD_MATCH = YES;
				"CODE_SIGN_IDENTITY[sdk=iphoneos*]" = "iPhone Developer";
				COPY_PHASE_STRIP = NO;
				DEBUG_INFORMATION_FORMAT = dwarf;
				ENABLE_STRICT_OBJC_MSGSEND = YES;
				ENABLE_TESTABILITY = YES;
				GCC_C_LANGUAGE_STANDARD = gnu99;
				GCC_DYNAMIC_NO_PIC = NO;
				GCC_NO_COMMON_BLOCKS = YES;
				GCC_OPTIMIZATION_LEVEL = 0;
				GCC_PREPROCESSOR_DEFINITIONS = (
					"DEBUG=1",
					"$(inherited)",
				);
				GCC_WARN_64_TO_32_BIT_CONVERSION = YES;
				GCC_WARN_ABOUT_RETURN_TYPE = YES_ERROR;
				GCC_WARN_UNDECLARED_SELECTOR = YES;
				GCC_WARN_UNINITIALIZED_AUTOS = YES_AGGRESSIVE;
				GCC_WARN_UNUSED_FUNCTION = YES;
				GCC_WARN_UNUSED_VARIABLE = YES;
				IPHONEOS_DEPLOYMENT_TARGET = 10.3;
				MTL_ENABLE_DEBUG_INFO = YES;
				ONLY_ACTIVE_ARCH = YES;
				SDKROOT = iphoneos;
				SWIFT_ACTIVE_COMPILATION_CONDITIONS = DEBUG;
				SWIFT_OPTIMIZATION_LEVEL = "-Onone";
				TARGETED_DEVICE_FAMILY = "1,2";
			};
			name = Debug;
		};
		AA307D581EF3EA1A006FF7DF /* Release */ = {
			isa = XCBuildConfiguration;
			buildSettings = {
				ALWAYS_SEARCH_USER_PATHS = NO;
				CLANG_ANALYZER_NONNULL = YES;
				CLANG_ANALYZER_NUMBER_OBJECT_CONVERSION = YES_AGGRESSIVE;
				CLANG_CXX_LANGUAGE_STANDARD = "gnu++0x";
				CLANG_CXX_LIBRARY = "libc++";
				CLANG_ENABLE_MODULES = YES;
				CLANG_ENABLE_OBJC_ARC = YES;
				CLANG_WARN_BOOL_CONVERSION = YES;
				CLANG_WARN_CONSTANT_CONVERSION = YES;
				CLANG_WARN_DIRECT_OBJC_ISA_USAGE = YES_ERROR;
				CLANG_WARN_DOCUMENTATION_COMMENTS = YES;
				CLANG_WARN_EMPTY_BODY = YES;
				CLANG_WARN_ENUM_CONVERSION = YES;
				CLANG_WARN_INFINITE_RECURSION = YES;
				CLANG_WARN_INT_CONVERSION = YES;
				CLANG_WARN_OBJC_ROOT_CLASS = YES_ERROR;
				CLANG_WARN_SUSPICIOUS_MOVE = YES;
				CLANG_WARN_UNREACHABLE_CODE = YES;
				CLANG_WARN__DUPLICATE_METHOD_MATCH = YES;
				"CODE_SIGN_IDENTITY[sdk=iphoneos*]" = "iPhone Developer";
				COPY_PHASE_STRIP = NO;
				DEBUG_INFORMATION_FORMAT = "dwarf-with-dsym";
				ENABLE_NS_ASSERTIONS = NO;
				ENABLE_STRICT_OBJC_MSGSEND = YES;
				GCC_C_LANGUAGE_STANDARD = gnu99;
				GCC_NO_COMMON_BLOCKS = YES;
				GCC_WARN_64_TO_32_BIT_CONVERSION = YES;
				GCC_WARN_ABOUT_RETURN_TYPE = YES_ERROR;
				GCC_WARN_UNDECLARED_SELECTOR = YES;
				GCC_WARN_UNINITIALIZED_AUTOS = YES_AGGRESSIVE;
				GCC_WARN_UNUSED_FUNCTION = YES;
				GCC_WARN_UNUSED_VARIABLE = YES;
				IPHONEOS_DEPLOYMENT_TARGET = 10.3;
				MTL_ENABLE_DEBUG_INFO = NO;
				SDKROOT = iphoneos;
				SWIFT_OPTIMIZATION_LEVEL = "-Owholemodule";
				TARGETED_DEVICE_FAMILY = "1,2";
				VALIDATE_PRODUCT = YES;
			};
			name = Release;
		};
		AA307D5A1EF3EA1A006FF7DF /* Debug */ = {
			isa = XCBuildConfiguration;
			buildSettings = {
				ASSETCATALOG_COMPILER_APPICON_NAME = AppIcon;
				DEVELOPMENT_TEAM = YUT7BRX8PN;
				INFOPLIST_FILE = "Video Poker Pay Tables/Info.plist";
				LD_RUNPATH_SEARCH_PATHS = "$(inherited) @executable_path/Frameworks";
				PRODUCT_BUNDLE_IDENTIFIER = "VideoPoker.Video-Poker-Pay-Tables";
				PRODUCT_NAME = "$(TARGET_NAME)";
				SWIFT_VERSION = 3.0;
			};
			name = Debug;
		};
		AA307D5B1EF3EA1A006FF7DF /* Release */ = {
			isa = XCBuildConfiguration;
			buildSettings = {
				ASSETCATALOG_COMPILER_APPICON_NAME = AppIcon;
				DEVELOPMENT_TEAM = YUT7BRX8PN;
				INFOPLIST_FILE = "Video Poker Pay Tables/Info.plist";
				LD_RUNPATH_SEARCH_PATHS = "$(inherited) @executable_path/Frameworks";
				PRODUCT_BUNDLE_IDENTIFIER = "VideoPoker.Video-Poker-Pay-Tables";
				PRODUCT_NAME = "$(TARGET_NAME)";
				SWIFT_VERSION = 3.0;
			};
			name = Release;
		};
/* End XCBuildConfiguration section */

/* Begin XCConfigurationList section */
		AA307D421EF3EA1A006FF7DF /* Build configuration list for PBXProject "Video Poker Pay Tables" */ = {
			isa = XCConfigurationList;
			buildConfigurations = (
				AA307D571EF3EA1A006FF7DF /* Debug */,
				AA307D581EF3EA1A006FF7DF /* Release */,
			);
			defaultConfigurationIsVisible = 0;
			defaultConfigurationName = Release;
		};
		AA307D591EF3EA1A006FF7DF /* Build configuration list for PBXNativeTarget "Video Poker Pay Tables" */ = {
			isa = XCConfigurationList;
			buildConfigurations = (
				AA307D5A1EF3EA1A006FF7DF /* Debug */,
				AA307D5B1EF3EA1A006FF7DF /* Release */,
			);
			defaultConfigurationIsVisible = 0;
		};
/* End XCConfigurationList section */
	};
	rootObject = AA307D3F1EF3EA1A006FF7DF /* Project object */;
}
